
Microsoft Visual Studio Solution File, Format Version 12.00
# Visual Studio Version 16
VisualStudioVersion = 16.0.30907.101
MinimumVisualStudioVersion = 10.0.40219.1
Project("{9A19103F-16F7-4668-BE54-9A1E7A4F7556}") = "Oldmansoft.Html", "Oldmansoft.Html\Oldmansoft.Html.csproj", "{3AB5B557-8F36-49FE-90FA-CD737DA9F17A}"
EndProject
Project("{9A19103F-16F7-4668-BE54-9A1E7A4F7556}") = "Oldmansoft.Html.WebMan", "Oldmansoft.Html.WebMan\Oldmansoft.Html.WebMan.csproj", "{8AD139AF-AEC9-48BB-8877-29AB07B0A946}"
EndProject
Project("{9A19103F-16F7-4668-BE54-9A1E7A4F7556}") = "Oldmansoft.Html.WebMan.MvcCore", "Oldmansoft.Html.WebMan.MvcCore\Oldmansoft.Html.WebMan.MvcCore.csproj", "{43070A15-F97E-4D9B-94D5-F57958E466DE}"
EndProject
Project("{FAE04EC0-301F-11D3-BF4B-00C04F79EFBC}") = "Oldmansoft.Html.WebMan.Mvc", "Oldmansoft.Html.WebMan.Mvc\Oldmansoft.Html.WebMan.Mvc.csproj", "{ADDDC6BE-71A1-4C5A-B961-3625F5AFCD9F}"
EndProject
Project("{FAE04EC0-301F-11D3-BF4B-00C04F79EFBC}") = "WebApplication", "WebApplication\WebApplication.csproj", "{119EBB70-3EDD-43DE-A7C9-4F40E2536A82}"
EndProject
Project("{9A19103F-16F7-4668-BE54-9A1E7A4F7556}") = "WebApplicationCore", "WebApplicationCore\WebApplicationCore.csproj", "{980E08F2-7B56-4391-96EA-464BB1E256F4}"
EndProject
Global
	GlobalSection(SolutionConfigurationPlatforms) = preSolution
		Debug|Any CPU = Debug|Any CPU
		Release|Any CPU = Release|Any CPU
	EndGlobalSection
	GlobalSection(ProjectConfigurationPlatforms) = postSolution
		{3AB5B557-8F36-49FE-90FA-CD737DA9F17A}.Debug|Any CPU.ActiveCfg = Debug|Any CPU
		{3AB5B557-8F36-49FE-90FA-CD737DA9F17A}.Debug|Any CPU.Build.0 = Debug|Any CPU
		{3AB5B557-8F36-49FE-90FA-CD737DA9F17A}.Release|Any CPU.ActiveCfg = Release|Any CPU
		{3AB5B557-8F36-49FE-90FA-CD737DA9F17A}.Release|Any CPU.Build.0 = Release|Any CPU
		{8AD139AF-AEC9-48BB-8877-29AB07B0A946}.Debug|Any CPU.ActiveCfg = Debug|Any CPU
		{8AD139AF-AEC9-48BB-8877-29AB07B0A946}.Debug|Any CPU.Build.0 = Debug|Any CPU
		{8AD139AF-AEC9-48BB-8877-29AB07B0A946}.Release|Any CPU.ActiveCfg = Release|Any CPU
		{8AD139AF-AEC9-48BB-8877-29AB07B0A946}.Release|Any CPU.Build.0 = Release|Any CPU
		{43070A15-F97E-4D9B-94D5-F57958E466DE}.Debug|Any CPU.ActiveCfg = Debug|Any CPU
		{43070A15-F97E-4D9B-94D5-F57958E466DE}.Debug|Any CPU.Build.0 = Debug|Any CPU
		{43070A15-F97E-4D9B-94D5-F57958E466DE}.Release|Any CPU.ActiveCfg = Release|Any CPU
		{43070A15-F97E-4D9B-94D5-F57958E466DE}.Release|Any CPU.Build.0 = Release|Any CPU
		{ADDDC6BE-71A1-4C5A-B961-3625F5AFCD9F}.Debug|Any CPU.ActiveCfg = Debug|Any CPU
		{ADDDC6BE-71A1-4C5A-B961-3625F5AFCD9F}.Debug|Any CPU.Build.0 = Debug|Any CPU
		{ADDDC6BE-71A1-4C5A-B961-3625F5AFCD9F}.Release|Any CPU.ActiveCfg = Release|Any CPU
		{ADDDC6BE-71A1-4C5A-B961-3625F5AFCD9F}.Release|Any CPU.Build.0 = Release|Any CPU
		{119EBB70-3EDD-43DE-A7C9-4F40E2536A82}.Debug|Any CPU.ActiveCfg = Debug|Any CPU
		{119EBB70-3EDD-43DE-A7C9-4F40E2536A82}.Debug|Any CPU.Build.0 = Debug|Any CPU
		{119EBB70-3EDD-43DE-A7C9-4F40E2536A82}.Release|Any CPU.ActiveCfg = Release|Any CPU
		{119EBB70-3EDD-43DE-A7C9-4F40E2536A82}.Release|Any CPU.Build.0 = Release|Any CPU
		{980E08F2-7B56-4391-96EA-464BB1E256F4}.Debug|Any CPU.ActiveCfg = Debug|Any CPU
		{980E08F2-7B56-4391-96EA-464BB1E256F4}.Debug|Any CPU.Build.0 = Debug|Any CPU
		{980E08F2-7B56-4391-96EA-464BB1E256F4}.Release|Any CPU.ActiveCfg = Release|Any CPU
		{980E08F2-7B56-4391-96EA-464BB1E256F4}.Release|Any CPU.Build.0 = Release|Any CPU
	EndGlobalSection
	GlobalSection(SolutionProperties) = preSolution
		HideSolutionNode = FALSE
	EndGlobalSection
	GlobalSection(ExtensibilityGlobals) = postSolution
		SolutionGuid = {E4EF5492-15CC-4990-88E3-9C7A2C51C8DD}
	EndGlobalSection
EndGlobal
